
Microsoft Visual Studio Solution File, Format Version 12.00
# Visual Studio Version 17
VisualStudioVersion = 17.0.31903.59
MinimumVisualStudioVersion = 10.0.40219.1
Project("{2150E333-8FDC-42A3-9474-1A3956D46DE8}") = "src", "src", "{827E0CD3-B72D-47B6-A68D-7590B98EB39B}"
EndProject
Project("{2150E333-8FDC-42A3-9474-1A3956D46DE8}") = "BuildingBlocks", "BuildingBlocks", "{90298CBA-BD6F-3A0A-69D5-97CAD7B05E7E}"
EndProject
Project("{FAE04EC0-301F-11D3-BF4B-00C04F79EFBC}") = "Sensei.BuildingBlocks.Application", "src\BuildingBlocks\Sensei.BuildingBlocks.Application\Sensei.BuildingBlocks.Application.csproj", "{21180CE6-6BFB-4E23-840B-1D3D56D48890}"
EndProject
Project("{FAE04EC0-301F-11D3-BF4B-00C04F79EFBC}") = "Sensei.BuildingBlocks.Persistence", "src\BuildingBlocks\Sensei.BuildingBlocks.Persistence\Sensei.BuildingBlocks.Persistence.csproj", "{83A8F24B-0E6C-4D33-A5F5-97C2B5D0C6A1}"
EndProject
Project("{FAE04EC0-301F-11D3-BF4B-00C04F79EFBC}") = "Sensei.Modules.Evidence.Api", "src\Modules\Evidence\Sensei.Modules.Evidence.Api\Sensei.Modules.Evidence.Api.csproj", "{E2DDF73F-0C16-43A0-B3D6-99842546BC64}"
EndProject
Project("{FAE04EC0-301F-11D3-BF4B-00C04F79EFBC}") = "Sensei.Modules.Evidence.Application", "src\Modules\Evidence\Sensei.Modules.Evidence.Application\Sensei.Modules.Evidence.Application.csproj", "{48404832-9AE9-42BA-B9A6-A345F74C5EC2}"
EndProject
Project("{FAE04EC0-301F-11D3-BF4B-00C04F79EFBC}") = "Sensei.Modules.Evidence.Domain", "src\Modules\Evidence\Sensei.Modules.Evidence.Domain\Sensei.Modules.Evidence.Domain.csproj", "{E114E89D-5748-4A64-838B-385AD810BBA3}"
EndProject
Project("{FAE04EC0-301F-11D3-BF4B-00C04F79EFBC}") = "Sensei.Modules.Evidence.Infrastructure", "src\Modules\Evidence\Sensei.Modules.Evidence.Infrastructure\Sensei.Modules.Evidence.Infrastructure.csproj", "{E6C8E319-D792-42BD-B7A7-2543B09474CC}"
EndProject
Project("{FAE04EC0-301F-11D3-BF4B-00C04F79EFBC}") = "Sensei.Modules.Experience.Api", "src\Modules\Experience\Sensei.Modules.Experience.Api\Sensei.Modules.Experience.Api.csproj", "{247ACD09-27DE-41C4-82C1-CD3CDCA7CEB9}"
EndProject
Project("{FAE04EC0-301F-11D3-BF4B-00C04F79EFBC}") = "Sensei.Modules.Experience.Application", "src\Modules\Experience\Sensei.Modules.Experience.Application\Sensei.Modules.Experience.Application.csproj", "{73D4D2A5-8694-48B0-8B50-458B98AE7023}"
EndProject
Project("{FAE04EC0-301F-11D3-BF4B-00C04F79EFBC}") = "Sensei.Modules.Experience.Domain", "src\Modules\Experience\Sensei.Modules.Experience.Domain\Sensei.Modules.Experience.Domain.csproj", "{D4B1F9B5-B2ED-4E6A-A842-7A8348356C69}"
EndProject
Project("{FAE04EC0-301F-11D3-BF4B-00C04F79EFBC}") = "Sensei.Modules.Experience.Infrastructure", "src\Modules\Experience\Sensei.Modules.Experience.Infrastructure\Sensei.Modules.Experience.Infrastructure.csproj", "{A677C46A-9244-4E2A-9775-86CF0072EC76}"
EndProject
Project("{FAE04EC0-301F-11D3-BF4B-00C04F79EFBC}") = "Sensei.Modules.Identity.Api", "src\Modules\Identity\Sensei.Modules.Identity.Api\Sensei.Modules.Identity.Api.csproj", "{1C9A8505-E191-4057-921F-E44F3B1F013D}"
EndProject
Project("{FAE04EC0-301F-11D3-BF4B-00C04F79EFBC}") = "Sensei.Modules.Identity.Application", "src\Modules\Identity\Sensei.Modules.Identity.Application\Sensei.Modules.Identity.Application.csproj", "{BF2BDE46-3C68-432C-83B7-2BDECA54B59C}"
EndProject
Project("{FAE04EC0-301F-11D3-BF4B-00C04F79EFBC}") = "Sensei.Modules.Identity.Domain", "src\Modules\Identity\Sensei.Modules.Identity.Domain\Sensei.Modules.Identity.Domain.csproj", "{9D922CE5-0951-464F-B1A8-C44B46981839}"
EndProject
Project("{FAE04EC0-301F-11D3-BF4B-00C04F79EFBC}") = "Sensei.Modules.Identity.Infrastructure", "src\Modules\Identity\Sensei.Modules.Identity.Infrastructure\Sensei.Modules.Identity.Infrastructure.csproj", "{5FD6AC92-F53B-4ECF-A8BA-2AA256D94608}"
EndProject
Project("{FAE04EC0-301F-11D3-BF4B-00C04F79EFBC}") = "Sensei.Modules.Learning.Api", "src\Modules\Learning\Sensei.Modules.Learning.Api\Sensei.Modules.Learning.Api.csproj", "{C8B3E500-FEA5-41D7-BFC3-A94E992D6C40}"
EndProject
Project("{FAE04EC0-301F-11D3-BF4B-00C04F79EFBC}") = "Sensei.Modules.Learning.Application", "src\Modules\Learning\Sensei.Modules.Learning.Application\Sensei.Modules.Learning.Application.csproj", "{89988B51-4286-4C64-B07C-54F947C37628}"
EndProject
Project("{FAE04EC0-301F-11D3-BF4B-00C04F79EFBC}") = "Sensei.Modules.Learning.Domain", "src\Modules\Learning\Sensei.Modules.Learning.Domain\Sensei.Modules.Learning.Domain.csproj", "{24D5B45D-63B9-4EFC-856D-14990EE80ED7}"
EndProject
Project("{FAE04EC0-301F-11D3-BF4B-00C04F79EFBC}") = "Sensei.Modules.Learning.Infrastructure", "src\Modules\Learning\Sensei.Modules.Learning.Infrastructure\Sensei.Modules.Learning.Infrastructure.csproj", "{57EAD1CD-1D22-4D32-B2E2-8F43E47B602A}"
EndProject
Project("{FAE04EC0-301F-11D3-BF4B-00C04F79EFBC}") = "Sensei.Modules.WorkReflection.Api", "src\Modules\WorkReflection\Sensei.Modules.WorkReflection.Api\Sensei.Modules.WorkReflection.Api.csproj", "{E0AB3F96-EED7-44CF-B8F3-64CF36516BC3}"
EndProject
Project("{FAE04EC0-301F-11D3-BF4B-00C04F79EFBC}") = "Sensei.Modules.WorkReflection.Application", "src\Modules\WorkReflection\Sensei.Modules.WorkReflection.Application\Sensei.Modules.WorkReflection.Application.csproj", "{C05E4CC1-4E96-4392-B414-160AEEA63F3B}"
EndProject
Project("{FAE04EC0-301F-11D3-BF4B-00C04F79EFBC}") = "Sensei.Modules.WorkReflection.Domain", "src\Modules\WorkReflection\Sensei.Modules.WorkReflection.Domain\Sensei.Modules.WorkReflection.Domain.csproj", "{7066D165-A92A-4874-A0B9-AC2EACA0E41B}"
EndProject
Project("{FAE04EC0-301F-11D3-BF4B-00C04F79EFBC}") = "Sensei.Modules.WorkReflection.Infrastructure", "src\Modules\WorkReflection\Sensei.Modules.WorkReflection.Infrastructure\Sensei.Modules.WorkReflection.Infrastructure.csproj", "{76F3D86B-9702-4EF7-8A00-8E741C43DE54}"
EndProject
Project("{FAE04EC0-301F-11D3-BF4B-00C04F79EFBC}") = "Sensei.Host", "src\Sensei.Host\Sensei.Host.csproj", "{EC644B08-EF73-4ECE-A148-E08B877BDC1E}"
EndProject
Project("{2150E333-8FDC-42A3-9474-1A3956D46DE8}") = "Identity", "Identity", "{36D591C7-65C7-A0D1-1CBC-10CDE441BDC8}"
EndProject
Project("{2150E333-8FDC-42A3-9474-1A3956D46DE8}") = "Learning", "Learning", "{01A06929-588B-45A2-A436-AA5CC6B2F943}"
EndProject
Project("{2150E333-8FDC-42A3-9474-1A3956D46DE8}") = "WorkReflection", "WorkReflection", "{B5F67058-EBA1-491F-AEA2-11F05E48A85D}"
EndProject
Project("{2150E333-8FDC-42A3-9474-1A3956D46DE8}") = "Evidence", "Evidence", "{F47320B3-E075-4855-8E14-BF094410F96D}"
EndProject
Project("{2150E333-8FDC-42A3-9474-1A3956D46DE8}") = "Experience", "Experience", "{9182E35C-4050-4E1F-9861-13040688B2C1}"
EndProject
Project("{2150E333-8FDC-42A3-9474-1A3956D46DE8}") = "Элементы решения", "Элементы решения", "{754FC069-D67B-A9D7-50A1-8D1CA196D8F1}"
	ProjectSection(SolutionItems) = preProject
		README.md = README.md
	EndProjectSection
EndProject
Project("{2150E333-8FDC-42A3-9474-1A3956D46DE8}") = "tests", "tests", "{0AB3BF05-4346-4AA6-1389-037BE0695223}"
EndProject
Project("{FAE04EC0-301F-11D3-BF4B-00C04F79EFBC}") = "Sensei.UnitTests", "tests\Sensei.UnitTests\Sensei.UnitTests.csproj", "{4AAE5A11-E99D-4633-AD9A-DFACD968003C}"
EndProject
Project("{FAE04EC0-301F-11D3-BF4B-00C04F79EFBC}") = "Sensei.ArchitectureTests", "tests\Sensei.ArchitectureTests\Sensei.ArchitectureTests.csproj", "{06EFB2C5-DFC2-4B92-91EA-0BBA32BB9DA4}"
EndProject
Project("{FAE04EC0-301F-11D3-BF4B-00C04F79EFBC}") = "Sensei.Api.IntegrationTests", "tests\Sensei.Api.IntegrationTests\Sensei.Api.IntegrationTests.csproj", "{5668CA38-BA9D-445D-BC70-D3C6599FBCE4}"
EndProject
Global
	GlobalSection(SolutionConfigurationPlatforms) = preSolution
		Debug|Any CPU = Debug|Any CPU
		Debug|x64 = Debug|x64
		Debug|x86 = Debug|x86
		Release|Any CPU = Release|Any CPU
		Release|x64 = Release|x64
		Release|x86 = Release|x86
	EndGlobalSection
	GlobalSection(ProjectConfigurationPlatforms) = postSolution
		{21180CE6-6BFB-4E23-840B-1D3D56D48890}.Debug|Any CPU.ActiveCfg = Debug|Any CPU
		{21180CE6-6BFB-4E23-840B-1D3D56D48890}.Debug|Any CPU.Build.0 = Debug|Any CPU
		{21180CE6-6BFB-4E23-840B-1D3D56D48890}.Debug|x64.ActiveCfg = Debug|Any CPU
		{21180CE6-6BFB-4E23-840B-1D3D56D48890}.Debug|x64.Build.0 = Debug|Any CPU
		{21180CE6-6BFB-4E23-840B-1D3D56D48890}.Debug|x86.ActiveCfg = Debug|Any CPU
		{21180CE6-6BFB-4E23-840B-1D3D56D48890}.Debug|x86.Build.0 = Debug|Any CPU
		{21180CE6-6BFB-4E23-840B-1D3D56D48890}.Release|Any CPU.ActiveCfg = Release|Any CPU
		{21180CE6-6BFB-4E23-840B-1D3D56D48890}.Release|Any CPU.Build.0 = Release|Any CPU
		{21180CE6-6BFB-4E23-840B-1D3D56D48890}.Release|x64.ActiveCfg = Release|Any CPU
		{21180CE6-6BFB-4E23-840B-1D3D56D48890}.Release|x64.Build.0 = Release|Any CPU
		{21180CE6-6BFB-4E23-840B-1D3D56D48890}.Release|x86.ActiveCfg = Release|Any CPU
		{21180CE6-6BFB-4E23-840B-1D3D56D48890}.Release|x86.Build.0 = Release|Any CPU
		{83A8F24B-0E6C-4D33-A5F5-97C2B5D0C6A1}.Debug|Any CPU.ActiveCfg = Debug|Any CPU
		{83A8F24B-0E6C-4D33-A5F5-97C2B5D0C6A1}.Debug|Any CPU.Build.0 = Debug|Any CPU
		{83A8F24B-0E6C-4D33-A5F5-97C2B5D0C6A1}.Debug|x64.ActiveCfg = Debug|Any CPU
		{83A8F24B-0E6C-4D33-A5F5-97C2B5D0C6A1}.Debug|x64.Build.0 = Debug|Any CPU
		{83A8F24B-0E6C-4D33-A5F5-97C2B5D0C6A1}.Debug|x86.ActiveCfg = Debug|Any CPU
		{83A8F24B-0E6C-4D33-A5F5-97C2B5D0C6A1}.Debug|x86.Build.0 = Debug|Any CPU
		{83A8F24B-0E6C-4D33-A5F5-97C2B5D0C6A1}.Release|Any CPU.ActiveCfg = Release|Any CPU
		{83A8F24B-0E6C-4D33-A5F5-97C2B5D0C6A1}.Release|Any CPU.Build.0 = Release|Any CPU
		{83A8F24B-0E6C-4D33-A5F5-97C2B5D0C6A1}.Release|x64.ActiveCfg = Release|Any CPU
		{83A8F24B-0E6C-4D33-A5F5-97C2B5D0C6A1}.Release|x64.Build.0 = Release|Any CPU
		{83A8F24B-0E6C-4D33-A5F5-97C2B5D0C6A1}.Release|x86.ActiveCfg = Release|Any CPU
		{83A8F24B-0E6C-4D33-A5F5-97C2B5D0C6A1}.Release|x86.Build.0 = Release|Any CPU
		{E2DDF73F-0C16-43A0-B3D6-99842546BC64}.Debug|Any CPU.ActiveCfg = Debug|Any CPU
		{E2DDF73F-0C16-43A0-B3D6-99842546BC64}.Debug|Any CPU.Build.0 = Debug|Any CPU
		{E2DDF73F-0C16-43A0-B3D6-99842546BC64}.Debug|x64.ActiveCfg = Debug|Any CPU
		{E2DDF73F-0C16-43A0-B3D6-99842546BC64}.Debug|x64.Build.0 = Debug|Any CPU
		{E2DDF73F-0C16-43A0-B3D6-99842546BC64}.Debug|x86.ActiveCfg = Debug|Any CPU
		{E2DDF73F-0C16-43A0-B3D6-99842546BC64}.Debug|x86.Build.0 = Debug|Any CPU
		{E2DDF73F-0C16-43A0-B3D6-99842546BC64}.Release|Any CPU.ActiveCfg = Release|Any CPU
		{E2DDF73F-0C16-43A0-B3D6-99842546BC64}.Release|Any CPU.Build.0 = Release|Any CPU
		{E2DDF73F-0C16-43A0-B3D6-99842546BC64}.Release|x64.ActiveCfg = Release|Any CPU
		{E2DDF73F-0C16-43A0-B3D6-99842546BC64}.Release|x64.Build.0 = Release|Any CPU
		{E2DDF73F-0C16-43A0-B3D6-99842546BC64}.Release|x86.ActiveCfg = Release|Any CPU
		{E2DDF73F-0C16-43A0-B3D6-99842546BC64}.Release|x86.Build.0 = Release|Any CPU
		{48404832-9AE9-42BA-B9A6-A345F74C5EC2}.Debug|Any CPU.ActiveCfg = Debug|Any CPU
		{48404832-9AE9-42BA-B9A6-A345F74C5EC2}.Debug|Any CPU.Build.0 = Debug|Any CPU
		{48404832-9AE9-42BA-B9A6-A345F74C5EC2}.Debug|x64.ActiveCfg = Debug|Any CPU
		{48404832-9AE9-42BA-B9A6-A345F74C5EC2}.Debug|x64.Build.0 = Debug|Any CPU
		{48404832-9AE9-42BA-B9A6-A345F74C5EC2}.Debug|x86.ActiveCfg = Debug|Any CPU
		{48404832-9AE9-42BA-B9A6-A345F74C5EC2}.Debug|x86.Build.0 = Debug|Any CPU
		{48404832-9AE9-42BA-B9A6-A345F74C5EC2}.Release|Any CPU.ActiveCfg = Release|Any CPU
		{48404832-9AE9-42BA-B9A6-A345F74C5EC2}.Release|Any CPU.Build.0 = Release|Any CPU
		{48404832-9AE9-42BA-B9A6-A345F74C5EC2}.Release|x64.ActiveCfg = Release|Any CPU
		{48404832-9AE9-42BA-B9A6-A345F74C5EC2}.Release|x64.Build.0 = Release|Any CPU
		{48404832-9AE9-42BA-B9A6-A345F74C5EC2}.Release|x86.ActiveCfg = Release|Any CPU
		{48404832-9AE9-42BA-B9A6-A345F74C5EC2}.Release|x86.Build.0 = Release|Any CPU
		{E114E89D-5748-4A64-838B-385AD810BBA3}.Debug|Any CPU.ActiveCfg = Debug|Any CPU
		{E114E89D-5748-4A64-838B-385AD810BBA3}.Debug|Any CPU.Build.0 = Debug|Any CPU
		{E114E89D-5748-4A64-838B-385AD810BBA3}.Debug|x64.ActiveCfg = Debug|Any CPU
		{E114E89D-5748-4A64-838B-385AD810BBA3}.Debug|x64.Build.0 = Debug|Any CPU
		{E114E89D-5748-4A64-838B-385AD810BBA3}.Debug|x86.ActiveCfg = Debug|Any CPU
		{E114E89D-5748-4A64-838B-385AD810BBA3}.Debug|x86.Build.0 = Debug|Any CPU
		{E114E89D-5748-4A64-838B-385AD810BBA3}.Release|Any CPU.ActiveCfg = Release|Any CPU
		{E114E89D-5748-4A64-838B-385AD810BBA3}.Release|Any CPU.Build.0 = Release|Any CPU
		{E114E89D-5748-4A64-838B-385AD810BBA3}.Release|x64.ActiveCfg = Release|Any CPU
		{E114E89D-5748-4A64-838B-385AD810BBA3}.Release|x64.Build.0 = Release|Any CPU
		{E114E89D-5748-4A64-838B-385AD810BBA3}.Release|x86.ActiveCfg = Release|Any CPU
		{E114E89D-5748-4A64-838B-385AD810BBA3}.Release|x86.Build.0 = Release|Any CPU
		{E6C8E319-D792-42BD-B7A7-2543B09474CC}.Debug|Any CPU.ActiveCfg = Debug|Any CPU
		{E6C8E319-D792-42BD-B7A7-2543B09474CC}.Debug|Any CPU.Build.0 = Debug|Any CPU
		{E6C8E319-D792-42BD-B7A7-2543B09474CC}.Debug|x64.ActiveCfg = Debug|Any CPU
		{E6C8E319-D792-42BD-B7A7-2543B09474CC}.Debug|x64.Build.0 = Debug|Any CPU
		{E6C8E319-D792-42BD-B7A7-2543B09474CC}.Debug|x86.ActiveCfg = Debug|Any CPU
		{E6C8E319-D792-42BD-B7A7-2543B09474CC}.Debug|x86.Build.0 = Debug|Any CPU
		{E6C8E319-D792-42BD-B7A7-2543B09474CC}.Release|Any CPU.ActiveCfg = Release|Any CPU
		{E6C8E319-D792-42BD-B7A7-2543B09474CC}.Release|Any CPU.Build.0 = Release|Any CPU
		{E6C8E319-D792-42BD-B7A7-2543B09474CC}.Release|x64.ActiveCfg = Release|Any CPU
		{E6C8E319-D792-42BD-B7A7-2543B09474CC}.Release|x64.Build.0 = Release|Any CPU
		{E6C8E319-D792-42BD-B7A7-2543B09474CC}.Release|x86.ActiveCfg = Release|Any CPU
		{E6C8E319-D792-42BD-B7A7-2543B09474CC}.Release|x86.Build.0 = Release|Any CPU
		{247ACD09-27DE-41C4-82C1-CD3CDCA7CEB9}.Debug|Any CPU.ActiveCfg = Debug|Any CPU
		{247ACD09-27DE-41C4-82C1-CD3CDCA7CEB9}.Debug|Any CPU.Build.0 = Debug|Any CPU
		{247ACD09-27DE-41C4-82C1-CD3CDCA7CEB9}.Debug|x64.ActiveCfg = Debug|Any CPU
		{247ACD09-27DE-41C4-82C1-CD3CDCA7CEB9}.Debug|x64.Build.0 = Debug|Any CPU
		{247ACD09-27DE-41C4-82C1-CD3CDCA7CEB9}.Debug|x86.ActiveCfg = Debug|Any CPU
		{247ACD09-27DE-41C4-82C1-CD3CDCA7CEB9}.Debug|x86.Build.0 = Debug|Any CPU
		{247ACD09-27DE-41C4-82C1-CD3CDCA7CEB9}.Release|Any CPU.ActiveCfg = Release|Any CPU
		{247ACD09-27DE-41C4-82C1-CD3CDCA7CEB9}.Release|Any CPU.Build.0 = Release|Any CPU
		{247ACD09-27DE-41C4-82C1-CD3CDCA7CEB9}.Release|x64.ActiveCfg = Release|Any CPU
		{247ACD09-27DE-41C4-82C1-CD3CDCA7CEB9}.Release|x64.Build.0 = Release|Any CPU
		{247ACD09-27DE-41C4-82C1-CD3CDCA7CEB9}.Release|x86.ActiveCfg = Release|Any CPU
		{247ACD09-27DE-41C4-82C1-CD3CDCA7CEB9}.Release|x86.Build.0 = Release|Any CPU
		{73D4D2A5-8694-48B0-8B50-458B98AE7023}.Debug|Any CPU.ActiveCfg = Debug|Any CPU
		{73D4D2A5-8694-48B0-8B50-458B98AE7023}.Debug|Any CPU.Build.0 = Debug|Any CPU
		{73D4D2A5-8694-48B0-8B50-458B98AE7023}.Debug|x64.ActiveCfg = Debug|Any CPU
		{73D4D2A5-8694-48B0-8B50-458B98AE7023}.Debug|x64.Build.0 = Debug|Any CPU
		{73D4D2A5-8694-48B0-8B50-458B98AE7023}.Debug|x86.ActiveCfg = Debug|Any CPU
		{73D4D2A5-8694-48B0-8B50-458B98AE7023}.Debug|x86.Build.0 = Debug|Any CPU
		{73D4D2A5-8694-48B0-8B50-458B98AE7023}.Release|Any CPU.ActiveCfg = Release|Any CPU
		{73D4D2A5-8694-48B0-8B50-458B98AE7023}.Release|Any CPU.Build.0 = Release|Any CPU
		{73D4D2A5-8694-48B0-8B50-458B98AE7023}.Release|x64.ActiveCfg = Release|Any CPU
		{73D4D2A5-8694-48B0-8B50-458B98AE7023}.Release|x64.Build.0 = Release|Any CPU
		{73D4D2A5-8694-48B0-8B50-458B98AE7023}.Release|x86.ActiveCfg = Release|Any CPU
		{73D4D2A5-8694-48B0-8B50-458B98AE7023}.Release|x86.Build.0 = Release|Any CPU
		{D4B1F9B5-B2ED-4E6A-A842-7A8348356C69}.Debug|Any CPU.ActiveCfg = Debug|Any CPU
		{D4B1F9B5-B2ED-4E6A-A842-7A8348356C69}.Debug|Any CPU.Build.0 = Debug|Any CPU
		{D4B1F9B5-B2ED-4E6A-A842-7A8348356C69}.Debug|x64.ActiveCfg = Debug|Any CPU
		{D4B1F9B5-B2ED-4E6A-A842-7A8348356C69}.Debug|x64.Build.0 = Debug|Any CPU
		{D4B1F9B5-B2ED-4E6A-A842-7A8348356C69}.Debug|x86.ActiveCfg = Debug|Any CPU
		{D4B1F9B5-B2ED-4E6A-A842-7A8348356C69}.Debug|x86.Build.0 = Debug|Any CPU
		{D4B1F9B5-B2ED-4E6A-A842-7A8348356C69}.Release|Any CPU.ActiveCfg = Release|Any CPU
		{D4B1F9B5-B2ED-4E6A-A842-7A8348356C69}.Release|Any CPU.Build.0 = Release|Any CPU
		{D4B1F9B5-B2ED-4E6A-A842-7A8348356C69}.Release|x64.ActiveCfg = Release|Any CPU
		{D4B1F9B5-B2ED-4E6A-A842-7A8348356C69}.Release|x64.Build.0 = Release|Any CPU
		{D4B1F9B5-B2ED-4E6A-A842-7A8348356C69}.Release|x86.ActiveCfg = Release|Any CPU
		{D4B1F9B5-B2ED-4E6A-A842-7A8348356C69}.Release|x86.Build.0 = Release|Any CPU
		{A677C46A-9244-4E2A-9775-86CF0072EC76}.Debug|Any CPU.ActiveCfg = Debug|Any CPU
		{A677C46A-9244-4E2A-9775-86CF0072EC76}.Debug|Any CPU.Build.0 = Debug|Any CPU
		{A677C46A-9244-4E2A-9775-86CF0072EC76}.Debug|x64.ActiveCfg = Debug|Any CPU
		{A677C46A-9244-4E2A-9775-86CF0072EC76}.Debug|x64.Build.0 = Debug|Any CPU
		{A677C46A-9244-4E2A-9775-86CF0072EC76}.Debug|x86.ActiveCfg = Debug|Any CPU
		{A677C46A-9244-4E2A-9775-86CF0072EC76}.Debug|x86.Build.0 = Debug|Any CPU
		{A677C46A-9244-4E2A-9775-86CF0072EC76}.Release|Any CPU.ActiveCfg = Release|Any CPU
		{A677C46A-9244-4E2A-9775-86CF0072EC76}.Release|Any CPU.Build.0 = Release|Any CPU
		{A677C46A-9244-4E2A-9775-86CF0072EC76}.Release|x64.ActiveCfg = Release|Any CPU
		{A677C46A-9244-4E2A-9775-86CF0072EC76}.Release|x64.Build.0 = Release|Any CPU
		{A677C46A-9244-4E2A-9775-86CF0072EC76}.Release|x86.ActiveCfg = Release|Any CPU
		{A677C46A-9244-4E2A-9775-86CF0072EC76}.Release|x86.Build.0 = Release|Any CPU
		{1C9A8505-E191-4057-921F-E44F3B1F013D}.Debug|Any CPU.ActiveCfg = Debug|Any CPU
		{1C9A8505-E191-4057-921F-E44F3B1F013D}.Debug|Any CPU.Build.0 = Debug|Any CPU
		{1C9A8505-E191-4057-921F-E44F3B1F013D}.Debug|x64.ActiveCfg = Debug|Any CPU
		{1C9A8505-E191-4057-921F-E44F3B1F013D}.Debug|x64.Build.0 = Debug|Any CPU
		{1C9A8505-E191-4057-921F-E44F3B1F013D}.Debug|x86.ActiveCfg = Debug|Any CPU
		{1C9A8505-E191-4057-921F-E44F3B1F013D}.Debug|x86.Build.0 = Debug|Any CPU
		{1C9A8505-E191-4057-921F-E44F3B1F013D}.Release|Any CPU.ActiveCfg = Release|Any CPU
		{1C9A8505-E191-4057-921F-E44F3B1F013D}.Release|Any CPU.Build.0 = Release|Any CPU
		{1C9A8505-E191-4057-921F-E44F3B1F013D}.Release|x64.ActiveCfg = Release|Any CPU
		{1C9A8505-E191-4057-921F-E44F3B1F013D}.Release|x64.Build.0 = Release|Any CPU
		{1C9A8505-E191-4057-921F-E44F3B1F013D}.Release|x86.ActiveCfg = Release|Any CPU
		{1C9A8505-E191-4057-921F-E44F3B1F013D}.Release|x86.Build.0 = Release|Any CPU
		{BF2BDE46-3C68-432C-83B7-2BDECA54B59C}.Debug|Any CPU.ActiveCfg = Debug|Any CPU
		{BF2BDE46-3C68-432C-83B7-2BDECA54B59C}.Debug|Any CPU.Build.0 = Debug|Any CPU
		{BF2BDE46-3C68-432C-83B7-2BDECA54B59C}.Debug|x64.ActiveCfg = Debug|Any CPU
		{BF2BDE46-3C68-432C-83B7-2BDECA54B59C}.Debug|x64.Build.0 = Debug|Any CPU
		{BF2BDE46-3C68-432C-83B7-2BDECA54B59C}.Debug|x86.ActiveCfg = Debug|Any CPU
		{BF2BDE46-3C68-432C-83B7-2BDECA54B59C}.Debug|x86.Build.0 = Debug|Any CPU
		{BF2BDE46-3C68-432C-83B7-2BDECA54B59C}.Release|Any CPU.ActiveCfg = Release|Any CPU
		{BF2BDE46-3C68-432C-83B7-2BDECA54B59C}.Release|Any CPU.Build.0 = Release|Any CPU
		{BF2BDE46-3C68-432C-83B7-2BDECA54B59C}.Release|x64.ActiveCfg = Release|Any CPU
		{BF2BDE46-3C68-432C-83B7-2BDECA54B59C}.Release|x64.Build.0 = Release|Any CPU
		{BF2BDE46-3C68-432C-83B7-2BDECA54B59C}.Release|x86.ActiveCfg = Release|Any CPU
		{BF2BDE46-3C68-432C-83B7-2BDECA54B59C}.Release|x86.Build.0 = Release|Any CPU
		{9D922CE5-0951-464F-B1A8-C44B46981839}.Debug|Any CPU.ActiveCfg = Debug|Any CPU
		{9D922CE5-0951-464F-B1A8-C44B46981839}.Debug|Any CPU.Build.0 = Debug|Any CPU
		{9D922CE5-0951-464F-B1A8-C44B46981839}.Debug|x64.ActiveCfg = Debug|Any CPU
		{9D922CE5-0951-464F-B1A8-C44B46981839}.Debug|x64.Build.0 = Debug|Any CPU
		{9D922CE5-0951-464F-B1A8-C44B46981839}.Debug|x86.ActiveCfg = Debug|Any CPU
		{9D922CE5-0951-464F-B1A8-C44B46981839}.Debug|x86.Build.0 = Debug|Any CPU
		{9D922CE5-0951-464F-B1A8-C44B46981839}.Release|Any CPU.ActiveCfg = Release|Any CPU
		{9D922CE5-0951-464F-B1A8-C44B46981839}.Release|Any CPU.Build.0 = Release|Any CPU
		{9D922CE5-0951-464F-B1A8-C44B46981839}.Release|x64.ActiveCfg = Release|Any CPU
		{9D922CE5-0951-464F-B1A8-C44B46981839}.Release|x64.Build.0 = Release|Any CPU
		{9D922CE5-0951-464F-B1A8-C44B46981839}.Release|x86.ActiveCfg = Release|Any CPU
		{9D922CE5-0951-464F-B1A8-C44B46981839}.Release|x86.Build.0 = Release|Any CPU
		{5FD6AC92-F53B-4ECF-A8BA-2AA256D94608}.Debug|Any CPU.ActiveCfg = Debug|Any CPU
		{5FD6AC92-F53B-4ECF-A8BA-2AA256D94608}.Debug|Any CPU.Build.0 = Debug|Any CPU
		{5FD6AC92-F53B-4ECF-A8BA-2AA256D94608}.Debug|x64.ActiveCfg = Debug|Any CPU
		{5FD6AC92-F53B-4ECF-A8BA-2AA256D94608}.Debug|x64.Build.0 = Debug|Any CPU
		{5FD6AC92-F53B-4ECF-A8BA-2AA256D94608}.Debug|x86.ActiveCfg = Debug|Any CPU
		{5FD6AC92-F53B-4ECF-A8BA-2AA256D94608}.Debug|x86.Build.0 = Debug|Any CPU
		{5FD6AC92-F53B-4ECF-A8BA-2AA256D94608}.Release|Any CPU.ActiveCfg = Release|Any CPU
		{5FD6AC92-F53B-4ECF-A8BA-2AA256D94608}.Release|Any CPU.Build.0 = Release|Any CPU
		{5FD6AC92-F53B-4ECF-A8BA-2AA256D94608}.Release|x64.ActiveCfg = Release|Any CPU
		{5FD6AC92-F53B-4ECF-A8BA-2AA256D94608}.Release|x64.Build.0 = Release|Any CPU
		{5FD6AC92-F53B-4ECF-A8BA-2AA256D94608}.Release|x86.ActiveCfg = Release|Any CPU
		{5FD6AC92-F53B-4ECF-A8BA-2AA256D94608}.Release|x86.Build.0 = Release|Any CPU
		{C8B3E500-FEA5-41D7-BFC3-A94E992D6C40}.Debug|Any CPU.ActiveCfg = Debug|Any CPU
		{C8B3E500-FEA5-41D7-BFC3-A94E992D6C40}.Debug|Any CPU.Build.0 = Debug|Any CPU
		{C8B3E500-FEA5-41D7-BFC3-A94E992D6C40}.Debug|x64.ActiveCfg = Debug|Any CPU
		{C8B3E500-FEA5-41D7-BFC3-A94E992D6C40}.Debug|x64.Build.0 = Debug|Any CPU
		{C8B3E500-FEA5-41D7-BFC3-A94E992D6C40}.Debug|x86.ActiveCfg = Debug|Any CPU
		{C8B3E500-FEA5-41D7-BFC3-A94E992D6C40}.Debug|x86.Build.0 = Debug|Any CPU
		{C8B3E500-FEA5-41D7-BFC3-A94E992D6C40}.Release|Any CPU.ActiveCfg = Release|Any CPU
		{C8B3E500-FEA5-41D7-BFC3-A94E992D6C40}.Release|Any CPU.Build.0 = Release|Any CPU
		{C8B3E500-FEA5-41D7-BFC3-A94E992D6C40}.Release|x64.ActiveCfg = Release|Any CPU
		{C8B3E500-FEA5-41D7-BFC3-A94E992D6C40}.Release|x64.Build.0 = Release|Any CPU
		{C8B3E500-FEA5-41D7-BFC3-A94E992D6C40}.Release|x86.ActiveCfg = Release|Any CPU
		{C8B3E500-FEA5-41D7-BFC3-A94E992D6C40}.Release|x86.Build.0 = Release|Any CPU
		{89988B51-4286-4C64-B07C-54F947C37628}.Debug|Any CPU.ActiveCfg = Debug|Any CPU
		{89988B51-4286-4C64-B07C-54F947C37628}.Debug|Any CPU.Build.0 = Debug|Any CPU
		{89988B51-4286-4C64-B07C-54F947C37628}.Debug|x64.ActiveCfg = Debug|Any CPU
		{89988B51-4286-4C64-B07C-54F947C37628}.Debug|x64.Build.0 = Debug|Any CPU
		{89988B51-4286-4C64-B07C-54F947C37628}.Debug|x86.ActiveCfg = Debug|Any CPU
		{89988B51-4286-4C64-B07C-54F947C37628}.Debug|x86.Build.0 = Debug|Any CPU
		{89988B51-4286-4C64-B07C-54F947C37628}.Release|Any CPU.ActiveCfg = Release|Any CPU
		{89988B51-4286-4C64-B07C-54F947C37628}.Release|Any CPU.Build.0 = Release|Any CPU
		{89988B51-4286-4C64-B07C-54F947C37628}.Release|x64.ActiveCfg = Release|Any CPU
		{89988B51-4286-4C64-B07C-54F947C37628}.Release|x64.Build.0 = Release|Any CPU
		{89988B51-4286-4C64-B07C-54F947C37628}.Release|x86.ActiveCfg = Release|Any CPU
		{89988B51-4286-4C64-B07C-54F947C37628}.Release|x86.Build.0 = Release|Any CPU
		{24D5B45D-63B9-4EFC-856D-14990EE80ED7}.Debug|Any CPU.ActiveCfg = Debug|Any CPU
		{24D5B45D-63B9-4EFC-856D-14990EE80ED7}.Debug|Any CPU.Build.0 = Debug|Any CPU
		{24D5B45D-63B9-4EFC-856D-14990EE80ED7}.Debug|x64.ActiveCfg = Debug|Any CPU
		{24D5B45D-63B9-4EFC-856D-14990EE80ED7}.Debug|x64.Build.0 = Debug|Any CPU
		{24D5B45D-63B9-4EFC-856D-14990EE80ED7}.Debug|x86.ActiveCfg = Debug|Any CPU
		{24D5B45D-63B9-4EFC-856D-14990EE80ED7}.Debug|x86.Build.0 = Debug|Any CPU
		{24D5B45D-63B9-4EFC-856D-14990EE80ED7}.Release|Any CPU.ActiveCfg = Release|Any CPU
		{24D5B45D-63B9-4EFC-856D-14990EE80ED7}.Release|Any CPU.Build.0 = Release|Any CPU
		{24D5B45D-63B9-4EFC-856D-14990EE80ED7}.Release|x64.ActiveCfg = Release|Any CPU
		{24D5B45D-63B9-4EFC-856D-14990EE80ED7}.Release|x64.Build.0 = Release|Any CPU
		{24D5B45D-63B9-4EFC-856D-14990EE80ED7}.Release|x86.ActiveCfg = Release|Any CPU
		{24D5B45D-63B9-4EFC-856D-14990EE80ED7}.Release|x86.Build.0 = Release|Any CPU
		{57EAD1CD-1D22-4D32-B2E2-8F43E47B602A}.Debug|Any CPU.ActiveCfg = Debug|Any CPU
		{57EAD1CD-1D22-4D32-B2E2-8F43E47B602A}.Debug|Any CPU.Build.0 = Debug|Any CPU
		{57EAD1CD-1D22-4D32-B2E2-8F43E47B602A}.Debug|x64.ActiveCfg = Debug|Any CPU
		{57EAD1CD-1D22-4D32-B2E2-8F43E47B602A}.Debug|x64.Build.0 = Debug|Any CPU
		{57EAD1CD-1D22-4D32-B2E2-8F43E47B602A}.Debug|x86.ActiveCfg = Debug|Any CPU
		{57EAD1CD-1D22-4D32-B2E2-8F43E47B602A}.Debug|x86.Build.0 = Debug|Any CPU
		{57EAD1CD-1D22-4D32-B2E2-8F43E47B602A}.Release|Any CPU.ActiveCfg = Release|Any CPU
		{57EAD1CD-1D22-4D32-B2E2-8F43E47B602A}.Release|Any CPU.Build.0 = Release|Any CPU
		{57EAD1CD-1D22-4D32-B2E2-8F43E47B602A}.Release|x64.ActiveCfg = Release|Any CPU
		{57EAD1CD-1D22-4D32-B2E2-8F43E47B602A}.Release|x64.Build.0 = Release|Any CPU
		{57EAD1CD-1D22-4D32-B2E2-8F43E47B602A}.Release|x86.ActiveCfg = Release|Any CPU
		{57EAD1CD-1D22-4D32-B2E2-8F43E47B602A}.Release|x86.Build.0 = Release|Any CPU
		{E0AB3F96-EED7-44CF-B8F3-64CF36516BC3}.Debug|Any CPU.ActiveCfg = Debug|Any CPU
		{E0AB3F96-EED7-44CF-B8F3-64CF36516BC3}.Debug|Any CPU.Build.0 = Debug|Any CPU
		{E0AB3F96-EED7-44CF-B8F3-64CF36516BC3}.Debug|x64.ActiveCfg = Debug|Any CPU
		{E0AB3F96-EED7-44CF-B8F3-64CF36516BC3}.Debug|x64.Build.0 = Debug|Any CPU
		{E0AB3F96-EED7-44CF-B8F3-64CF36516BC3}.Debug|x86.ActiveCfg = Debug|Any CPU
		{E0AB3F96-EED7-44CF-B8F3-64CF36516BC3}.Debug|x86.Build.0 = Debug|Any CPU
		{E0AB3F96-EED7-44CF-B8F3-64CF36516BC3}.Release|Any CPU.ActiveCfg = Release|Any CPU
		{E0AB3F96-EED7-44CF-B8F3-64CF36516BC3}.Release|Any CPU.Build.0 = Release|Any CPU
		{E0AB3F96-EED7-44CF-B8F3-64CF36516BC3}.Release|x64.ActiveCfg = Release|Any CPU
		{E0AB3F96-EED7-44CF-B8F3-64CF36516BC3}.Release|x64.Build.0 = Release|Any CPU
		{E0AB3F96-EED7-44CF-B8F3-64CF36516BC3}.Release|x86.ActiveCfg = Release|Any CPU
		{E0AB3F96-EED7-44CF-B8F3-64CF36516BC3}.Release|x86.Build.0 = Release|Any CPU
		{C05E4CC1-4E96-4392-B414-160AEEA63F3B}.Debug|Any CPU.ActiveCfg = Debug|Any CPU
		{C05E4CC1-4E96-4392-B414-160AEEA63F3B}.Debug|Any CPU.Build.0 = Debug|Any CPU
		{C05E4CC1-4E96-4392-B414-160AEEA63F3B}.Debug|x64.ActiveCfg = Debug|Any CPU
		{C05E4CC1-4E96-4392-B414-160AEEA63F3B}.Debug|x64.Build.0 = Debug|Any CPU
		{C05E4CC1-4E96-4392-B414-160AEEA63F3B}.Debug|x86.ActiveCfg = Debug|Any CPU
		{C05E4CC1-4E96-4392-B414-160AEEA63F3B}.Debug|x86.Build.0 = Debug|Any CPU
		{C05E4CC1-4E96-4392-B414-160AEEA63F3B}.Release|Any CPU.ActiveCfg = Release|Any CPU
		{C05E4CC1-4E96-4392-B414-160AEEA63F3B}.Release|Any CPU.Build.0 = Release|Any CPU
		{C05E4CC1-4E96-4392-B414-160AEEA63F3B}.Release|x64.ActiveCfg = Release|Any CPU
		{C05E4CC1-4E96-4392-B414-160AEEA63F3B}.Release|x64.Build.0 = Release|Any CPU
		{C05E4CC1-4E96-4392-B414-160AEEA63F3B}.Release|x86.ActiveCfg = Release|Any CPU
		{C05E4CC1-4E96-4392-B414-160AEEA63F3B}.Release|x86.Build.0 = Release|Any CPU
		{7066D165-A92A-4874-A0B9-AC2EACA0E41B}.Debug|Any CPU.ActiveCfg = Debug|Any CPU
		{7066D165-A92A-4874-A0B9-AC2EACA0E41B}.Debug|Any CPU.Build.0 = Debug|Any CPU
		{7066D165-A92A-4874-A0B9-AC2EACA0E41B}.Debug|x64.ActiveCfg = Debug|Any CPU
		{7066D165-A92A-4874-A0B9-AC2EACA0E41B}.Debug|x64.Build.0 = Debug|Any CPU
		{7066D165-A92A-4874-A0B9-AC2EACA0E41B}.Debug|x86.ActiveCfg = Debug|Any CPU
		{7066D165-A92A-4874-A0B9-AC2EACA0E41B}.Debug|x86.Build.0 = Debug|Any CPU
		{7066D165-A92A-4874-A0B9-AC2EACA0E41B}.Release|Any CPU.ActiveCfg = Release|Any CPU
		{7066D165-A92A-4874-A0B9-AC2EACA0E41B}.Release|Any CPU.Build.0 = Release|Any CPU
		{7066D165-A92A-4874-A0B9-AC2EACA0E41B}.Release|x64.ActiveCfg = Release|Any CPU
		{7066D165-A92A-4874-A0B9-AC2EACA0E41B}.Release|x64.Build.0 = Release|Any CPU
		{7066D165-A92A-4874-A0B9-AC2EACA0E41B}.Release|x86.ActiveCfg = Release|Any CPU
		{7066D165-A92A-4874-A0B9-AC2EACA0E41B}.Release|x86.Build.0 = Release|Any CPU
		{76F3D86B-9702-4EF7-8A00-8E741C43DE54}.Debug|Any CPU.ActiveCfg = Debug|Any CPU
		{76F3D86B-9702-4EF7-8A00-8E741C43DE54}.Debug|Any CPU.Build.0 = Debug|Any CPU
		{76F3D86B-9702-4EF7-8A00-8E741C43DE54}.Debug|x64.ActiveCfg = Debug|Any CPU
		{76F3D86B-9702-4EF7-8A00-8E741C43DE54}.Debug|x64.Build.0 = Debug|Any CPU
		{76F3D86B-9702-4EF7-8A00-8E741C43DE54}.Debug|x86.ActiveCfg = Debug|Any CPU
		{76F3D86B-9702-4EF7-8A00-8E741C43DE54}.Debug|x86.Build.0 = Debug|Any CPU
		{76F3D86B-9702-4EF7-8A00-8E741C43DE54}.Release|Any CPU.ActiveCfg = Release|Any CPU
		{76F3D86B-9702-4EF7-8A00-8E741C43DE54}.Release|Any CPU.Build.0 = Release|Any CPU
		{76F3D86B-9702-4EF7-8A00-8E741C43DE54}.Release|x64.ActiveCfg = Release|Any CPU
		{76F3D86B-9702-4EF7-8A00-8E741C43DE54}.Release|x64.Build.0 = Release|Any CPU
		{76F3D86B-9702-4EF7-8A00-8E741C43DE54}.Release|x86.ActiveCfg = Release|Any CPU
		{76F3D86B-9702-4EF7-8A00-8E741C43DE54}.Release|x86.Build.0 = Release|Any CPU
		{EC644B08-EF73-4ECE-A148-E08B877BDC1E}.Debug|Any CPU.ActiveCfg = Debug|Any CPU
		{EC644B08-EF73-4ECE-A148-E08B877BDC1E}.Debug|Any CPU.Build.0 = Debug|Any CPU
		{EC644B08-EF73-4ECE-A148-E08B877BDC1E}.Debug|x64.ActiveCfg = Debug|Any CPU
		{EC644B08-EF73-4ECE-A148-E08B877BDC1E}.Debug|x64.Build.0 = Debug|Any CPU
		{EC644B08-EF73-4ECE-A148-E08B877BDC1E}.Debug|x86.ActiveCfg = Debug|Any CPU
		{EC644B08-EF73-4ECE-A148-E08B877BDC1E}.Debug|x86.Build.0 = Debug|Any CPU
		{EC644B08-EF73-4ECE-A148-E08B877BDC1E}.Release|Any CPU.ActiveCfg = Release|Any CPU
		{EC644B08-EF73-4ECE-A148-E08B877BDC1E}.Release|Any CPU.Build.0 = Release|Any CPU
		{EC644B08-EF73-4ECE-A148-E08B877BDC1E}.Release|x64.ActiveCfg = Release|Any CPU
		{EC644B08-EF73-4ECE-A148-E08B877BDC1E}.Release|x64.Build.0 = Release|Any CPU
		{EC644B08-EF73-4ECE-A148-E08B877BDC1E}.Release|x86.ActiveCfg = Release|Any CPU
		{EC644B08-EF73-4ECE-A148-E08B877BDC1E}.Release|x86.Build.0 = Release|Any CPU
		{4AAE5A11-E99D-4633-AD9A-DFACD968003C}.Debug|Any CPU.ActiveCfg = Debug|Any CPU
		{4AAE5A11-E99D-4633-AD9A-DFACD968003C}.Debug|Any CPU.Build.0 = Debug|Any CPU
		{4AAE5A11-E99D-4633-AD9A-DFACD968003C}.Debug|x64.ActiveCfg = Debug|Any CPU
		{4AAE5A11-E99D-4633-AD9A-DFACD968003C}.Debug|x64.Build.0 = Debug|Any CPU
		{4AAE5A11-E99D-4633-AD9A-DFACD968003C}.Debug|x86.ActiveCfg = Debug|Any CPU
		{4AAE5A11-E99D-4633-AD9A-DFACD968003C}.Debug|x86.Build.0 = Debug|Any CPU
		{4AAE5A11-E99D-4633-AD9A-DFACD968003C}.Release|Any CPU.ActiveCfg = Release|Any CPU
		{4AAE5A11-E99D-4633-AD9A-DFACD968003C}.Release|Any CPU.Build.0 = Release|Any CPU
		{4AAE5A11-E99D-4633-AD9A-DFACD968003C}.Release|x64.ActiveCfg = Release|Any CPU
		{4AAE5A11-E99D-4633-AD9A-DFACD968003C}.Release|x64.Build.0 = Release|Any CPU
		{4AAE5A11-E99D-4633-AD9A-DFACD968003C}.Release|x86.ActiveCfg = Release|Any CPU
		{4AAE5A11-E99D-4633-AD9A-DFACD968003C}.Release|x86.Build.0 = Release|Any CPU
		{06EFB2C5-DFC2-4B92-91EA-0BBA32BB9DA4}.Debug|Any CPU.ActiveCfg = Debug|Any CPU
		{06EFB2C5-DFC2-4B92-91EA-0BBA32BB9DA4}.Debug|Any CPU.Build.0 = Debug|Any CPU
		{06EFB2C5-DFC2-4B92-91EA-0BBA32BB9DA4}.Debug|x64.ActiveCfg = Debug|Any CPU
		{06EFB2C5-DFC2-4B92-91EA-0BBA32BB9DA4}.Debug|x64.Build.0 = Debug|Any CPU
		{06EFB2C5-DFC2-4B92-91EA-0BBA32BB9DA4}.Debug|x86.ActiveCfg = Debug|Any CPU
		{06EFB2C5-DFC2-4B92-91EA-0BBA32BB9DA4}.Debug|x86.Build.0 = Debug|Any CPU
		{06EFB2C5-DFC2-4B92-91EA-0BBA32BB9DA4}.Release|Any CPU.ActiveCfg = Release|Any CPU
		{06EFB2C5-DFC2-4B92-91EA-0BBA32BB9DA4}.Release|Any CPU.Build.0 = Release|Any CPU
		{06EFB2C5-DFC2-4B92-91EA-0BBA32BB9DA4}.Release|x64.ActiveCfg = Release|Any CPU
		{06EFB2C5-DFC2-4B92-91EA-0BBA32BB9DA4}.Release|x64.Build.0 = Release|Any CPU
		{06EFB2C5-DFC2-4B92-91EA-0BBA32BB9DA4}.Release|x86.ActiveCfg = Release|Any CPU
		{06EFB2C5-DFC2-4B92-91EA-0BBA32BB9DA4}.Release|x86.Build.0 = Release|Any CPU
		{5668CA38-BA9D-445D-BC70-D3C6599FBCE4}.Debug|Any CPU.ActiveCfg = Debug|Any CPU
		{5668CA38-BA9D-445D-BC70-D3C6599FBCE4}.Debug|Any CPU.Build.0 = Debug|Any CPU
		{5668CA38-BA9D-445D-BC70-D3C6599FBCE4}.Debug|x64.ActiveCfg = Debug|Any CPU
		{5668CA38-BA9D-445D-BC70-D3C6599FBCE4}.Debug|x64.Build.0 = Debug|Any CPU
		{5668CA38-BA9D-445D-BC70-D3C6599FBCE4}.Debug|x86.ActiveCfg = Debug|Any CPU
		{5668CA38-BA9D-445D-BC70-D3C6599FBCE4}.Debug|x86.Build.0 = Debug|Any CPU
		{5668CA38-BA9D-445D-BC70-D3C6599FBCE4}.Release|Any CPU.ActiveCfg = Release|Any CPU
		{5668CA38-BA9D-445D-BC70-D3C6599FBCE4}.Release|Any CPU.Build.0 = Release|Any CPU
		{5668CA38-BA9D-445D-BC70-D3C6599FBCE4}.Release|x64.ActiveCfg = Release|Any CPU
		{5668CA38-BA9D-445D-BC70-D3C6599FBCE4}.Release|x64.Build.0 = Release|Any CPU
		{5668CA38-BA9D-445D-BC70-D3C6599FBCE4}.Release|x86.ActiveCfg = Release|Any CPU
		{5668CA38-BA9D-445D-BC70-D3C6599FBCE4}.Release|x86.Build.0 = Release|Any CPU
	EndGlobalSection
	GlobalSection(SolutionProperties) = preSolution
		HideSolutionNode = FALSE
	EndGlobalSection
	GlobalSection(NestedProjects) = preSolution
		{90298CBA-BD6F-3A0A-69D5-97CAD7B05E7E} = {827E0CD3-B72D-47B6-A68D-7590B98EB39B}
		{21180CE6-6BFB-4E23-840B-1D3D56D48890} = {90298CBA-BD6F-3A0A-69D5-97CAD7B05E7E}
		{83A8F24B-0E6C-4D33-A5F5-97C2B5D0C6A1} = {90298CBA-BD6F-3A0A-69D5-97CAD7B05E7E}
		{E2DDF73F-0C16-43A0-B3D6-99842546BC64} = {F47320B3-E075-4855-8E14-BF094410F96D}
		{48404832-9AE9-42BA-B9A6-A345F74C5EC2} = {F47320B3-E075-4855-8E14-BF094410F96D}
		{E114E89D-5748-4A64-838B-385AD810BBA3} = {F47320B3-E075-4855-8E14-BF094410F96D}
		{E6C8E319-D792-42BD-B7A7-2543B09474CC} = {F47320B3-E075-4855-8E14-BF094410F96D}
		{247ACD09-27DE-41C4-82C1-CD3CDCA7CEB9} = {9182E35C-4050-4E1F-9861-13040688B2C1}
		{73D4D2A5-8694-48B0-8B50-458B98AE7023} = {9182E35C-4050-4E1F-9861-13040688B2C1}
		{D4B1F9B5-B2ED-4E6A-A842-7A8348356C69} = {9182E35C-4050-4E1F-9861-13040688B2C1}
		{A677C46A-9244-4E2A-9775-86CF0072EC76} = {9182E35C-4050-4E1F-9861-13040688B2C1}
		{1C9A8505-E191-4057-921F-E44F3B1F013D} = {36D591C7-65C7-A0D1-1CBC-10CDE441BDC8}
		{BF2BDE46-3C68-432C-83B7-2BDECA54B59C} = {36D591C7-65C7-A0D1-1CBC-10CDE441BDC8}
		{9D922CE5-0951-464F-B1A8-C44B46981839} = {36D591C7-65C7-A0D1-1CBC-10CDE441BDC8}
		{5FD6AC92-F53B-4ECF-A8BA-2AA256D94608} = {36D591C7-65C7-A0D1-1CBC-10CDE441BDC8}
		{C8B3E500-FEA5-41D7-BFC3-A94E992D6C40} = {01A06929-588B-45A2-A436-AA5CC6B2F943}
		{89988B51-4286-4C64-B07C-54F947C37628} = {01A06929-588B-45A2-A436-AA5CC6B2F943}
		{24D5B45D-63B9-4EFC-856D-14990EE80ED7} = {01A06929-588B-45A2-A436-AA5CC6B2F943}
		{57EAD1CD-1D22-4D32-B2E2-8F43E47B602A} = {01A06929-588B-45A2-A436-AA5CC6B2F943}
		{E0AB3F96-EED7-44CF-B8F3-64CF36516BC3} = {B5F67058-EBA1-491F-AEA2-11F05E48A85D}
		{C05E4CC1-4E96-4392-B414-160AEEA63F3B} = {B5F67058-EBA1-491F-AEA2-11F05E48A85D}
		{7066D165-A92A-4874-A0B9-AC2EACA0E41B} = {B5F67058-EBA1-491F-AEA2-11F05E48A85D}
		{76F3D86B-9702-4EF7-8A00-8E741C43DE54} = {B5F67058-EBA1-491F-AEA2-11F05E48A85D}
		{EC644B08-EF73-4ECE-A148-E08B877BDC1E} = {90298CBA-BD6F-3A0A-69D5-97CAD7B05E7E}
		{36D591C7-65C7-A0D1-1CBC-10CDE441BDC8} = {827E0CD3-B72D-47B6-A68D-7590B98EB39B}
		{01A06929-588B-45A2-A436-AA5CC6B2F943} = {827E0CD3-B72D-47B6-A68D-7590B98EB39B}
		{B5F67058-EBA1-491F-AEA2-11F05E48A85D} = {827E0CD3-B72D-47B6-A68D-7590B98EB39B}
		{F47320B3-E075-4855-8E14-BF094410F96D} = {827E0CD3-B72D-47B6-A68D-7590B98EB39B}
		{9182E35C-4050-4E1F-9861-13040688B2C1} = {827E0CD3-B72D-47B6-A68D-7590B98EB39B}
		{4AAE5A11-E99D-4633-AD9A-DFACD968003C} = {0AB3BF05-4346-4AA6-1389-037BE0695223}
		{06EFB2C5-DFC2-4B92-91EA-0BBA32BB9DA4} = {0AB3BF05-4346-4AA6-1389-037BE0695223}
		{5668CA38-BA9D-445D-BC70-D3C6599FBCE4} = {0AB3BF05-4346-4AA6-1389-037BE0695223}
	EndGlobalSection
EndGlobal
