{
  "version": 2,
  "dependencies": {
    "net9.0": {
      "sensei.buildingblocks.api": {
        "type": "Project"
      },
      "sensei.buildingblocks.application": {
        "type": "Project"
      },
      "sensei.modules.evidence.application": {
        "type": "Project",
        "dependencies": {
          "Sensei.BuildingBlocks.Application": "[1.0.0, )",
          "Sensei.Modules.Evidence.Domain": "[1.0.0, )"
        }
      },
      "sensei.modules.evidence.domain": {
        "type": "Project"
      }
    }
  }
}